{
  "name": "mock-api-local",
  "version": "1.0.0",
  "lockfileVersion": 3,
  "requires": true,
  "packages": {
    "": {
      "name": "mock-api-local",
      "version": "1.0.0",
      "license": "ISC",
      "dependencies": {
        "mock-api-local": "file:"
      }
    },
    "node_modules/mock-api-local": {
      "resolved": "",
      "link": true
    }
  }
}
